
Microsoft Visual Studio Solution File, Format Version 11.00
# Visual C++ Express 2010
Project("{8BC9CEB8-8B4A-11D0-8D11-00A0C91BC942}") = "Exercise 2", "Exercise 2.vcxproj", "{E4C45FAC-BD4B-4122-89EC-AFFC2017C697}"
EndProject
Global
	GlobalSection(SolutionConfigurationPlatforms) = preSolution
		Debug|Win32 = Debug|Win32
		Release|Win32 = Release|Win32
	EndGlobalSection
	GlobalSection(ProjectConfigurationPlatforms) = postSolution
		{E4C45FAC-BD4B-4122-89EC-AFFC2017C697}.Debug|Win32.ActiveCfg = Debug|Win32
		{E4C45FAC-BD4B-4122-89EC-AFFC2017C697}.Debug|Win32.Build.0 = Debug|Win32
		{E4C45FAC-BD4B-4122-89EC-AFFC2017C697}.Release|Win32.ActiveCfg = Release|Win32
		{E4C45FAC-BD4B-4122-89EC-AFFC2017C697}.Release|Win32.Build.0 = Release|Win32
	EndGlobalSection
	GlobalSection(SolutionProperties) = preSolution
		HideSolutionNode = FALSE
	EndGlobalSection
EndGlobal
